// !$*UTF8*$!
{
	archiveVersion = 1;
	classes = {
	};
	objectVersion = 50;
	objects = {

/* Begin PBXBuildFile section */
		718DF97A2608975D007F7074 /* ZFPlayerDemo_SwiftUIApp.swift in Sources */ = {isa = PBXBuildFile; fileRef = 718DF9792608975D007F7074 /* ZFPlayerDemo_SwiftUIApp.swift */; };
		718DF97C2608975D007F7074 /* ContentView.swift in Sources */ = {isa = PBXBuildFile; fileRef = 718DF97B2608975D007F7074 /* ContentView.swift */; };
		718DF97E2608975E007F7074 /* Assets.xcassets in Resources */ = {isa = PBXBuildFile; fileRef = 718DF97D2608975E007F7074 /* Assets.xcassets */; };
		718DF9812608975E007F7074 /* Preview Assets.xcassets in Resources */ = {isa = PBXBuildFile; fileRef = 718DF9802608975E007F7074 /* Preview Assets.xcassets */; };
		718DF98C2608975E007F7074 /* ZFPlayerDemo_SwiftUITests.swift in Sources */ = {isa = PBXBuildFile; fileRef = 718DF98B2608975E007F7074 /* ZFPlayerDemo_SwiftUITests.swift */; };
		718DF9972608975E007F7074 /* ZFPlayerDemo_SwiftUIUITests.swift in Sources */ = {isa = PBXBuildFile; fileRef = 718DF9962608975E007F7074 /* ZFPlayerDemo_SwiftUIUITests.swift */; };
		718DF9D12608979F007F7074 /* ZFPlayerGestureControl.m in Sources */ = {isa = PBXBuildFile; fileRef = 718DF9AF2608979F007F7074 /* ZFPlayerGestureControl.m */; };
		718DF9D22608979F007F7074 /* ZFPlayerController.m in Sources */ = {isa = PBXBuildFile; fileRef = 718DF9B02608979F007F7074 /* ZFPlayerController.m */; };
		718DF9D32608979F007F7074 /* ZFLandscapeWindow.m in Sources */ = {isa = PBXBuildFile; fileRef = 718DF9B32608979F007F7074 /* ZFLandscapeWindow.m */; };
		718DF9D42608979F007F7074 /* ZFOrientationObserver.m in Sources */ = {isa = PBXBuildFile; fileRef = 718DF9B62608979F007F7074 /* ZFOrientationObserver.m */; };
		718DF9D52608979F007F7074 /* ZFPlayerLogManager.m in Sources */ = {isa = PBXBuildFile; fileRef = 718DF9B92608979F007F7074 /* ZFPlayerLogManager.m */; };
		718DF9D62608979F007F7074 /* ZFPersentInteractiveTransition.m in Sources */ = {isa = PBXBuildFile; fileRef = 718DF9BB2608979F007F7074 /* ZFPersentInteractiveTransition.m */; };
		718DF9D72608979F007F7074 /* UIScrollView+ZFPlayer.m in Sources */ = {isa = PBXBuildFile; fileRef = 718DF9BD2608979F007F7074 /* UIScrollView+ZFPlayer.m */; };
		718DF9D82608979F007F7074 /* ZFPlayerNotification.m in Sources */ = {isa = PBXBuildFile; fileRef = 718DF9C02608979F007F7074 /* ZFPlayerNotification.m */; };
		718DF9D92608979F007F7074 /* ZFPresentTransition.m in Sources */ = {isa = PBXBuildFile; fileRef = 718DF9C12608979F007F7074 /* ZFPresentTransition.m */; };
		718DF9DA2608979F007F7074 /* ZFFloatView.m in Sources */ = {isa = PBXBuildFile; fileRef = 718DF9C22608979F007F7074 /* ZFFloatView.m */; };
		718DF9DB2608979F007F7074 /* ZFPlayerView.m in Sources */ = {isa = PBXBuildFile; fileRef = 718DF9C52608979F007F7074 /* ZFPlayerView.m */; };
		718DF9DC2608979F007F7074 /* ZFPortraitViewController.m in Sources */ = {isa = PBXBuildFile; fileRef = 718DF9C72608979F007F7074 /* ZFPortraitViewController.m */; };
		718DF9DD2608979F007F7074 /* ZFKVOController.m in Sources */ = {isa = PBXBuildFile; fileRef = 718DF9CA2608979F007F7074 /* ZFKVOController.m */; };
		718DF9DE2608979F007F7074 /* ZFLandscapeViewController.m in Sources */ = {isa = PBXBuildFile; fileRef = 718DF9CB2608979F007F7074 /* ZFLandscapeViewController.m */; };
		718DF9DF2608979F007F7074 /* ZFReachabilityManager.m in Sources */ = {isa = PBXBuildFile; fileRef = 718DF9CE2608979F007F7074 /* ZFReachabilityManager.m */; };
		718DF9E02608979F007F7074 /* UIViewController+ZFPlayerRotation.m in Sources */ = {isa = PBXBuildFile; fileRef = 718DF9D02608979F007F7074 /* UIViewController+ZFPlayerRotation.m */; };
		718DF9E7260897B1007F7074 /* ZFIJKPlayer.swift in Sources */ = {isa = PBXBuildFile; fileRef = 718DF9E5260897B1007F7074 /* ZFIJKPlayer.swift */; };
		718DF9E8260897B1007F7074 /* ZFIJKPlayerUIView.swift in Sources */ = {isa = PBXBuildFile; fileRef = 718DF9E6260897B1007F7074 /* ZFIJKPlayerUIView.swift */; };
		718DFA0D260897C3007F7074 /* ZFUtilities.m in Sources */ = {isa = PBXBuildFile; fileRef = 718DF9F4260897C2007F7074 /* ZFUtilities.m */; };
		718DFA0E260897C3007F7074 /* UIView+ZFFrame.m in Sources */ = {isa = PBXBuildFile; fileRef = 718DF9F5260897C2007F7074 /* UIView+ZFFrame.m */; };
		718DFA0F260897C3007F7074 /* ZFVolumeBrightnessView.m in Sources */ = {isa = PBXBuildFile; fileRef = 718DF9F9260897C2007F7074 /* ZFVolumeBrightnessView.m */; };
		718DFA10260897C3007F7074 /* ZFLandScapeControlView.m in Sources */ = {isa = PBXBuildFile; fileRef = 718DF9FC260897C3007F7074 /* ZFLandScapeControlView.m */; };
		718DFA11260897C3007F7074 /* ZFNetworkSpeedMonitor.m in Sources */ = {isa = PBXBuildFile; fileRef = 718DF9FD260897C3007F7074 /* ZFNetworkSpeedMonitor.m */; };
		718DFA12260897C3007F7074 /* ZFPlayer.bundle in Resources */ = {isa = PBXBuildFile; fileRef = 718DFA00260897C3007F7074 /* ZFPlayer.bundle */; };
		718DFA13260897C3007F7074 /* ZFSliderView.m in Sources */ = {isa = PBXBuildFile; fileRef = 718DFA03260897C3007F7074 /* ZFSliderView.m */; };
		718DFA14260897C3007F7074 /* ZFPlayerControlView.m in Sources */ = {isa = PBXBuildFile; fileRef = 718DFA04260897C3007F7074 /* ZFPlayerControlView.m */; };
		718DFA15260897C3007F7074 /* ZFSmallFloatControlView.m in Sources */ = {isa = PBXBuildFile; fileRef = 718DFA05260897C3007F7074 /* ZFSmallFloatControlView.m */; };
		718DFA16260897C3007F7074 /* ZFLoadingView.m in Sources */ = {isa = PBXBuildFile; fileRef = 718DFA06260897C3007F7074 /* ZFLoadingView.m */; };
		718DFA17260897C3007F7074 /* ZFSpeedLoadingView.m in Sources */ = {isa = PBXBuildFile; fileRef = 718DFA07260897C3007F7074 /* ZFSpeedLoadingView.m */; };
		718DFA18260897C3007F7074 /* ZFPortraitControlView.m in Sources */ = {isa = PBXBuildFile; fileRef = 718DFA09260897C3007F7074 /* ZFPortraitControlView.m */; };
		718DFA19260897C3007F7074 /* UIImageView+ZFCache.m in Sources */ = {isa = PBXBuildFile; fileRef = 718DFA0A260897C3007F7074 /* UIImageView+ZFCache.m */; };
		718DFA4426089D6B007F7074 /* libc++.tbd in Frameworks */ = {isa = PBXBuildFile; fileRef = 718DFA4326089D54007F7074 /* libc++.tbd */; };
		718DFA4926089D7F007F7074 /* libbz2.tbd in Frameworks */ = {isa = PBXBuildFile; fileRef = 718DFA4826089D76007F7074 /* libbz2.tbd */; };
		718DFA4E26089D8B007F7074 /* AudioToolbox.framework in Frameworks */ = {isa = PBXBuildFile; fileRef = 718DFA4D26089D8B007F7074 /* AudioToolbox.framework */; };
		718DFA5226089DA5007F7074 /* CoreGraphics.framework in Frameworks */ = {isa = PBXBuildFile; fileRef = 718DFA4F26089DA5007F7074 /* CoreGraphics.framework */; };
		718DFA5326089DA5007F7074 /* CoreMedia.framework in Frameworks */ = {isa = PBXBuildFile; fileRef = 718DFA5026089DA5007F7074 /* CoreMedia.framework */; };
		718DFA5426089DA5007F7074 /* CoreVideo.framework in Frameworks */ = {isa = PBXBuildFile; fileRef = 718DFA5126089DA5007F7074 /* CoreVideo.framework */; };
		718DFA5626089DAD007F7074 /* AVFoundation.framework in Frameworks */ = {isa = PBXBuildFile; fileRef = 718DFA5526089DAD007F7074 /* AVFoundation.framework */; };
		718DFA5826089DBB007F7074 /* MediaPlayer.framework in Frameworks */ = {isa = PBXBuildFile; fileRef = 718DFA5726089DBB007F7074 /* MediaPlayer.framework */; };
		718DFA5A26089DC3007F7074 /* MobileCoreServices.framework in Frameworks */ = {isa = PBXBuildFile; fileRef = 718DFA5926089DC3007F7074 /* MobileCoreServices.framework */; };
		718DFA5C26089DCC007F7074 /* OpenGLES.framework in Frameworks */ = {isa = PBXBuildFile; fileRef = 718DFA5B26089DCC007F7074 /* OpenGLES.framework */; };
		718DFA5E26089DD3007F7074 /* QuartzCore.framework in Frameworks */ = {isa = PBXBuildFile; fileRef = 718DFA5D26089DD3007F7074 /* QuartzCore.framework */; };
		718DFA6026089DDE007F7074 /* VideoToolbox.framework in Frameworks */ = {isa = PBXBuildFile; fileRef = 718DFA5F26089DDE007F7074 /* VideoToolbox.framework */; };
		718DFA6926089F81007F7074 /* ZFIJKPlayerManager.m in Sources */ = {isa = PBXBuildFile; fileRef = 718DFA6826089F81007F7074 /* ZFIJKPlayerManager.m */; };
		718DFA702608A129007F7074 /* IJKMediaFramework.framework in Frameworks */ = {isa = PBXBuildFile; fileRef = 718DF9A726089779007F7074 /* IJKMediaFramework.framework */; };
		718DFA712608A129007F7074 /* IJKMediaFramework.framework in Embed Frameworks */ = {isa = PBXBuildFile; fileRef = 718DF9A726089779007F7074 /* IJKMediaFramework.framework */; settings = {ATTRIBUTES = (CodeSignOnCopy, RemoveHeadersOnCopy, ); }; };
/* End PBXBuildFile section */

/* Begin PBXContainerItemProxy section */
		718DF9882608975E007F7074 /* PBXContainerItemProxy */ = {
			isa = PBXContainerItemProxy;
			containerPortal = 718DF96E2608975D007F7074 /* Project object */;
			proxyType = 1;
			remoteGlobalIDString = 718DF9752608975D007F7074;
			remoteInfo = "ZFPlayerDemo-SwiftUI";
		};
		718DF9932608975E007F7074 /* PBXContainerItemProxy */ = {
			isa = PBXContainerItemProxy;
			containerPortal = 718DF96E2608975D007F7074 /* Project object */;
			proxyType = 1;
			remoteGlobalIDString = 718DF9752608975D007F7074;
			remoteInfo = "ZFPlayerDemo-SwiftUI";
		};
/* End PBXContainerItemProxy section */

/* Begin PBXCopyFilesBuildPhase section */
		718DFA722608A129007F7074 /* Embed Frameworks */ = {
			isa = PBXCopyFilesBuildPhase;
			buildActionMask = 2147483647;
			dstPath = "";
			dstSubfolderSpec = 10;
			files = (
				718DFA712608A129007F7074 /* IJKMediaFramework.framework in Embed Frameworks */,
			);
			name = "Embed Frameworks";
			runOnlyForDeploymentPostprocessing = 0;
		};
/* End PBXCopyFilesBuildPhase section */

/* Begin PBXFileReference section */
		718DF9762608975D007F7074 /* ZFPlayerDemo-SwiftUI.app */ = {isa = PBXFileReference; explicitFileType = wrapper.application; includeInIndex = 0; path = "ZFPlayerDemo-SwiftUI.app"; sourceTree = BUILT_PRODUCTS_DIR; };
		718DF9792608975D007F7074 /* ZFPlayerDemo_SwiftUIApp.swift */ = {isa = PBXFileReference; lastKnownFileType = sourcecode.swift; path = ZFPlayerDemo_SwiftUIApp.swift; sourceTree = "<group>"; };
		718DF97B2608975D007F7074 /* ContentView.swift */ = {isa = PBXFileReference; lastKnownFileType = sourcecode.swift; path = ContentView.swift; sourceTree = "<group>"; };
		718DF97D2608975E007F7074 /* Assets.xcassets */ = {isa = PBXFileReference; lastKnownFileType = folder.assetcatalog; path = Assets.xcassets; sourceTree = "<group>"; };
		718DF9802608975E007F7074 /* Preview Assets.xcassets */ = {isa = PBXFileReference; lastKnownFileType = folder.assetcatalog; path = "Preview Assets.xcassets"; sourceTree = "<group>"; };
		718DF9822608975E007F7074 /* Info.plist */ = {isa = PBXFileReference; lastKnownFileType = text.plist.xml; path = Info.plist; sourceTree = "<group>"; };
		718DF9872608975E007F7074 /* ZFPlayerDemo-SwiftUITests.xctest */ = {isa = PBXFileReference; explicitFileType = wrapper.cfbundle; includeInIndex = 0; path = "ZFPlayerDemo-SwiftUITests.xctest"; sourceTree = BUILT_PRODUCTS_DIR; };
		718DF98B2608975E007F7074 /* ZFPlayerDemo_SwiftUITests.swift */ = {isa = PBXFileReference; lastKnownFileType = sourcecode.swift; path = ZFPlayerDemo_SwiftUITests.swift; sourceTree = "<group>"; };
		718DF98D2608975E007F7074 /* Info.plist */ = {isa = PBXFileReference; lastKnownFileType = text.plist.xml; path = Info.plist; sourceTree = "<group>"; };
		718DF9922608975E007F7074 /* ZFPlayerDemo-SwiftUIUITests.xctest */ = {isa = PBXFileReference; explicitFileType = wrapper.cfbundle; includeInIndex = 0; path = "ZFPlayerDemo-SwiftUIUITests.xctest"; sourceTree = BUILT_PRODUCTS_DIR; };
		718DF9962608975E007F7074 /* ZFPlayerDemo_SwiftUIUITests.swift */ = {isa = PBXFileReference; lastKnownFileType = sourcecode.swift; path = ZFPlayerDemo_SwiftUIUITests.swift; sourceTree = "<group>"; };
		718DF9982608975E007F7074 /* Info.plist */ = {isa = PBXFileReference; lastKnownFileType = text.plist.xml; path = Info.plist; sourceTree = "<group>"; };
		718DF9A726089779007F7074 /* IJKMediaFramework.framework */ = {isa = PBXFileReference; lastKnownFileType = wrapper.framework; path = IJKMediaFramework.framework; sourceTree = "<group>"; };
		718DF9AE2608979F007F7074 /* ZFPlayerNotification.h */ = {isa = PBXFileReference; fileEncoding = 4; lastKnownFileType = sourcecode.c.h; path = ZFPlayerNotification.h; sourceTree = "<group>"; };
		718DF9AF2608979F007F7074 /* ZFPlayerGestureControl.m */ = {isa = PBXFileReference; fileEncoding = 4; lastKnownFileType = sourcecode.c.objc; path = ZFPlayerGestureControl.m; sourceTree = "<group>"; };
		718DF9B02608979F007F7074 /* ZFPlayerController.m */ = {isa = PBXFileReference; fileEncoding = 4; lastKnownFileType = sourcecode.c.objc; path = ZFPlayerController.m; sourceTree = "<group>"; };
		718DF9B12608979F007F7074 /* ZFFloatView.h */ = {isa = PBXFileReference; fileEncoding = 4; lastKnownFileType = sourcecode.c.h; path = ZFFloatView.h; sourceTree = "<group>"; };
		718DF9B22608979F007F7074 /* ZFPresentTransition.h */ = {isa = PBXFileReference; fileEncoding = 4; lastKnownFileType = sourcecode.c.h; path = ZFPresentTransition.h; sourceTree = "<group>"; };
		718DF9B32608979F007F7074 /* ZFLandscapeWindow.m */ = {isa = PBXFileReference; fileEncoding = 4; lastKnownFileType = sourcecode.c.objc; path = ZFLandscapeWindow.m; sourceTree = "<group>"; };
		718DF9B42608979F007F7074 /* ZFKVOController.h */ = {isa = PBXFileReference; fileEncoding = 4; lastKnownFileType = sourcecode.c.h; path = ZFKVOController.h; sourceTree = "<group>"; };
		718DF9B52608979F007F7074 /* ZFLandscapeViewController.h */ = {isa = PBXFileReference; fileEncoding = 4; lastKnownFileType = sourcecode.c.h; path = ZFLandscapeViewController.h; sourceTree = "<group>"; };
		718DF9B62608979F007F7074 /* ZFOrientationObserver.m */ = {isa = PBXFileReference; fileEncoding = 4; lastKnownFileType = sourcecode.c.objc; path = ZFOrientationObserver.m; sourceTree = "<group>"; };
		718DF9B72608979F007F7074 /* ZFPortraitViewController.h */ = {isa = PBXFileReference; fileEncoding = 4; lastKnownFileType = sourcecode.c.h; path = ZFPortraitViewController.h; sourceTree = "<group>"; };
		718DF9B82608979F007F7074 /* ZFPlayerView.h */ = {isa = PBXFileReference; fileEncoding = 4; lastKnownFileType = sourcecode.c.h; path = ZFPlayerView.h; sourceTree = "<group>"; };
		718DF9B92608979F007F7074 /* ZFPlayerLogManager.m */ = {isa = PBXFileReference; fileEncoding = 4; lastKnownFileType = sourcecode.c.objc; path = ZFPlayerLogManager.m; sourceTree = "<group>"; };
		718DF9BA2608979F007F7074 /* ZFPlayerMediaPlayback.h */ = {isa = PBXFileReference; fileEncoding = 4; lastKnownFileType = sourcecode.c.h; path = ZFPlayerMediaPlayback.h; sourceTree = "<group>"; };
		718DF9BB2608979F007F7074 /* ZFPersentInteractiveTransition.m */ = {isa = PBXFileReference; fileEncoding = 4; lastKnownFileType = sourcecode.c.objc; path = ZFPersentInteractiveTransition.m; sourceTree = "<group>"; };
		718DF9BC2608979F007F7074 /* ZFReachabilityManager.h */ = {isa = PBXFileReference; fileEncoding = 4; lastKnownFileType = sourcecode.c.h; path = ZFReachabilityManager.h; sourceTree = "<group>"; };
		718DF9BD2608979F007F7074 /* UIScrollView+ZFPlayer.m */ = {isa = PBXFileReference; fileEncoding = 4; lastKnownFileType = sourcecode.c.objc; path = "UIScrollView+ZFPlayer.m"; sourceTree = "<group>"; };
		718DF9BE2608979F007F7074 /* ZFPlayer.h */ = {isa = PBXFileReference; fileEncoding = 4; lastKnownFileType = sourcecode.c.h; path = ZFPlayer.h; sourceTree = "<group>"; };
		718DF9BF2608979F007F7074 /* ZFPlayerGestureControl.h */ = {isa = PBXFileReference; fileEncoding = 4; lastKnownFileType = sourcecode.c.h; path = ZFPlayerGestureControl.h; sourceTree = "<group>"; };
		718DF9C02608979F007F7074 /* ZFPlayerNotification.m */ = {isa = PBXFileReference; fileEncoding = 4; lastKnownFileType = sourcecode.c.objc; path = ZFPlayerNotification.m; sourceTree = "<group>"; };
		718DF9C12608979F007F7074 /* ZFPresentTransition.m */ = {isa = PBXFileReference; fileEncoding = 4; lastKnownFileType = sourcecode.c.objc; path = ZFPresentTransition.m; sourceTree = "<group>"; };
		718DF9C22608979F007F7074 /* ZFFloatView.m */ = {isa = PBXFileReference; fileEncoding = 4; lastKnownFileType = sourcecode.c.objc; path = ZFFloatView.m; sourceTree = "<group>"; };
		718DF9C32608979F007F7074 /* ZFPlayerMediaControl.h */ = {isa = PBXFileReference; fileEncoding = 4; lastKnownFileType = sourcecode.c.h; path = ZFPlayerMediaControl.h; sourceTree = "<group>"; };
		718DF9C42608979F007F7074 /* ZFPlayerController.h */ = {isa = PBXFileReference; fileEncoding = 4; lastKnownFileType = sourcecode.c.h; path = ZFPlayerController.h; sourceTree = "<group>"; };
		718DF9C52608979F007F7074 /* ZFPlayerView.m */ = {isa = PBXFileReference; fileEncoding = 4; lastKnownFileType = sourcecode.c.objc; path = ZFPlayerView.m; sourceTree = "<group>"; };
		718DF9C62608979F007F7074 /* ZFPlayerLogManager.h */ = {isa = PBXFileReference; fileEncoding = 4; lastKnownFileType = sourcecode.c.h; path = ZFPlayerLogManager.h; sourceTree = "<group>"; };
		718DF9C72608979F007F7074 /* ZFPortraitViewController.m */ = {isa = PBXFileReference; fileEncoding = 4; lastKnownFileType = sourcecode.c.objc; path = ZFPortraitViewController.m; sourceTree = "<group>"; };
		718DF9C82608979F007F7074 /* ZFOrientationObserver.h */ = {isa = PBXFileReference; fileEncoding = 4; lastKnownFileType = sourcecode.c.h; path = ZFOrientationObserver.h; sourceTree = "<group>"; };
		718DF9C92608979F007F7074 /* ZFPlayerConst.h */ = {isa = PBXFileReference; fileEncoding = 4; lastKnownFileType = sourcecode.c.h; path = ZFPlayerConst.h; sourceTree = "<group>"; };
		718DF9CA2608979F007F7074 /* ZFKVOController.m */ = {isa = PBXFileReference; fileEncoding = 4; lastKnownFileType = sourcecode.c.objc; path = ZFKVOController.m; sourceTree = "<group>"; };
		718DF9CB2608979F007F7074 /* ZFLandscapeViewController.m */ = {isa = PBXFileReference; fileEncoding = 4; lastKnownFileType = sourcecode.c.objc; path = ZFLandscapeViewController.m; sourceTree = "<group>"; };
		718DF9CC2608979F007F7074 /* ZFLandscapeWindow.h */ = {isa = PBXFileReference; fileEncoding = 4; lastKnownFileType = sourcecode.c.h; path = ZFLandscapeWindow.h; sourceTree = "<group>"; };
		718DF9CD2608979F007F7074 /* UIScrollView+ZFPlayer.h */ = {isa = PBXFileReference; fileEncoding = 4; lastKnownFileType = sourcecode.c.h; path = "UIScrollView+ZFPlayer.h"; sourceTree = "<group>"; };
		718DF9CE2608979F007F7074 /* ZFReachabilityManager.m */ = {isa = PBXFileReference; fileEncoding = 4; lastKnownFileType = sourcecode.c.objc; path = ZFReachabilityManager.m; sourceTree = "<group>"; };
		718DF9CF2608979F007F7074 /* ZFPersentInteractiveTransition.h */ = {isa = PBXFileReference; fileEncoding = 4; lastKnownFileType = sourcecode.c.h; path = ZFPersentInteractiveTransition.h; sourceTree = "<group>"; };
		718DF9D02608979F007F7074 /* UIViewController+ZFPlayerRotation.m */ = {isa = PBXFileReference; fileEncoding = 4; lastKnownFileType = sourcecode.c.objc; path = "UIViewController+ZFPlayerRotation.m"; sourceTree = "<group>"; };
		718DF9E5260897B1007F7074 /* ZFIJKPlayer.swift */ = {isa = PBXFileReference; fileEncoding = 4; lastKnownFileType = sourcecode.swift; path = ZFIJKPlayer.swift; sourceTree = "<group>"; };
		718DF9E6260897B1007F7074 /* ZFIJKPlayerUIView.swift */ = {isa = PBXFileReference; fileEncoding = 4; lastKnownFileType = sourcecode.swift; path = ZFIJKPlayerUIView.swift; sourceTree = "<group>"; };
		718DF9F4260897C2007F7074 /* ZFUtilities.m */ = {isa = PBXFileReference; fileEncoding = 4; lastKnownFileType = sourcecode.c.objc; path = ZFUtilities.m; sourceTree = "<group>"; };
		718DF9F5260897C2007F7074 /* UIView+ZFFrame.m */ = {isa = PBXFileReference; fileEncoding = 4; lastKnownFileType = sourcecode.c.objc; path = "UIView+ZFFrame.m"; sourceTree = "<group>"; };
		718DF9F6260897C2007F7074 /* ZFSmallFloatControlView.h */ = {isa = PBXFileReference; fileEncoding = 4; lastKnownFileType = sourcecode.c.h; path = ZFSmallFloatControlView.h; sourceTree = "<group>"; };
		718DF9F7260897C2007F7074 /* ZFPlayerControlView.h */ = {isa = PBXFileReference; fileEncoding = 4; lastKnownFileType = sourcecode.c.h; path = ZFPlayerControlView.h; sourceTree = "<group>"; };
		718DF9F8260897C2007F7074 /* ZFSliderView.h */ = {isa = PBXFileReference; fileEncoding = 4; lastKnownFileType = sourcecode.c.h; path = ZFSliderView.h; sourceTree = "<group>"; };
		718DF9F9260897C2007F7074 /* ZFVolumeBrightnessView.m */ = {isa = PBXFileReference; fileEncoding = 4; lastKnownFileType = sourcecode.c.objc; path = ZFVolumeBrightnessView.m; sourceTree = "<group>"; };
		718DF9FA260897C2007F7074 /* ZFSpeedLoadingView.h */ = {isa = PBXFileReference; fileEncoding = 4; lastKnownFileType = sourcecode.c.h; path = ZFSpeedLoadingView.h; sourceTree = "<group>"; };
		718DF9FB260897C3007F7074 /* ZFLoadingView.h */ = {isa = PBXFileReference; fileEncoding = 4; lastKnownFileType = sourcecode.c.h; path = ZFLoadingView.h; sourceTree = "<group>"; };
		718DF9FC260897C3007F7074 /* ZFLandScapeControlView.m */ = {isa = PBXFileReference; fileEncoding = 4; lastKnownFileType = sourcecode.c.objc; path = ZFLandScapeControlView.m; sourceTree = "<group>"; };
		718DF9FD260897C3007F7074 /* ZFNetworkSpeedMonitor.m */ = {isa = PBXFileReference; fileEncoding = 4; lastKnownFileType = sourcecode.c.objc; path = ZFNetworkSpeedMonitor.m; sourceTree = "<group>"; };
		718DF9FE260897C3007F7074 /* UIImageView+ZFCache.h */ = {isa = PBXFileReference; fileEncoding = 4; lastKnownFileType = sourcecode.c.h; path = "UIImageView+ZFCache.h"; sourceTree = "<group>"; };
		718DF9FF260897C3007F7074 /* ZFPortraitControlView.h */ = {isa = PBXFileReference; fileEncoding = 4; lastKnownFileType = sourcecode.c.h; path = ZFPortraitControlView.h; sourceTree = "<group>"; };
		718DFA00260897C3007F7074 /* ZFPlayer.bundle */ = {isa = PBXFileReference; lastKnownFileType = "wrapper.plug-in"; path = ZFPlayer.bundle; sourceTree = "<group>"; };
		718DFA01260897C3007F7074 /* UIView+ZFFrame.h */ = {isa = PBXFileReference; fileEncoding = 4; lastKnownFileType = sourcecode.c.h; path = "UIView+ZFFrame.h"; sourceTree = "<group>"; };
		718DFA02260897C3007F7074 /* ZFUtilities.h */ = {isa = PBXFileReference; fileEncoding = 4; lastKnownFileType = sourcecode.c.h; path = ZFUtilities.h; sourceTree = "<group>"; };
		718DFA03260897C3007F7074 /* ZFSliderView.m */ = {isa = PBXFileReference; fileEncoding = 4; lastKnownFileType = sourcecode.c.objc; path = ZFSliderView.m; sourceTree = "<group>"; };
		718DFA04260897C3007F7074 /* ZFPlayerControlView.m */ = {isa = PBXFileReference; fileEncoding = 4; lastKnownFileType = sourcecode.c.objc; path = ZFPlayerControlView.m; sourceTree = "<group>"; };
		718DFA05260897C3007F7074 /* ZFSmallFloatControlView.m */ = {isa = PBXFileReference; fileEncoding = 4; lastKnownFileType = sourcecode.c.objc; path = ZFSmallFloatControlView.m; sourceTree = "<group>"; };
		718DFA06260897C3007F7074 /* ZFLoadingView.m */ = {isa = PBXFileReference; fileEncoding = 4; lastKnownFileType = sourcecode.c.objc; path = ZFLoadingView.m; sourceTree = "<group>"; };
		718DFA07260897C3007F7074 /* ZFSpeedLoadingView.m */ = {isa = PBXFileReference; fileEncoding = 4; lastKnownFileType = sourcecode.c.objc; path = ZFSpeedLoadingView.m; sourceTree = "<group>"; };
		718DFA08260897C3007F7074 /* ZFVolumeBrightnessView.h */ = {isa = PBXFileReference; fileEncoding = 4; lastKnownFileType = sourcecode.c.h; path = ZFVolumeBrightnessView.h; sourceTree = "<group>"; };
		718DFA09260897C3007F7074 /* ZFPortraitControlView.m */ = {isa = PBXFileReference; fileEncoding = 4; lastKnownFileType = sourcecode.c.objc; path = ZFPortraitControlView.m; sourceTree = "<group>"; };
		718DFA0A260897C3007F7074 /* UIImageView+ZFCache.m */ = {isa = PBXFileReference; fileEncoding = 4; lastKnownFileType = sourcecode.c.objc; path = "UIImageView+ZFCache.m"; sourceTree = "<group>"; };
		718DFA0B260897C3007F7074 /* ZFNetworkSpeedMonitor.h */ = {isa = PBXFileReference; fileEncoding = 4; lastKnownFileType = sourcecode.c.h; path = ZFNetworkSpeedMonitor.h; sourceTree = "<group>"; };
		718DFA0C260897C3007F7074 /* ZFLandScapeControlView.h */ = {isa = PBXFileReference; fileEncoding = 4; lastKnownFileType = sourcecode.c.h; path = ZFLandScapeControlView.h; sourceTree = "<group>"; };
		718DFA2C260898D1007F7074 /* demo-header.h */ = {isa = PBXFileReference; lastKnownFileType = sourcecode.c.h; path = "demo-header.h"; sourceTree = "<group>"; };
		718DFA4326089D54007F7074 /* libc++.tbd */ = {isa = PBXFileReference; lastKnownFileType = "sourcecode.text-based-dylib-definition"; name = "libc++.tbd"; path = "usr/lib/libc++.tbd"; sourceTree = SDKROOT; };
		718DFA4826089D76007F7074 /* libbz2.tbd */ = {isa = PBXFileReference; lastKnownFileType = "sourcecode.text-based-dylib-definition"; name = libbz2.tbd; path = usr/lib/libbz2.tbd; sourceTree = SDKROOT; };
		718DFA4D26089D8B007F7074 /* AudioToolbox.framework */ = {isa = PBXFileReference; lastKnownFileType = wrapper.framework; name = AudioToolbox.framework; path = System/Library/Frameworks/AudioToolbox.framework; sourceTree = SDKROOT; };
		718DFA4F26089DA5007F7074 /* CoreGraphics.framework */ = {isa = PBXFileReference; lastKnownFileType = wrapper.framework; name = CoreGraphics.framework; path = System/Library/Frameworks/CoreGraphics.framework; sourceTree = SDKROOT; };
		718DFA5026089DA5007F7074 /* CoreMedia.framework */ = {isa = PBXFileReference; lastKnownFileType = wrapper.framework; name = CoreMedia.framework; path = System/Library/Frameworks/CoreMedia.framework; sourceTree = SDKROOT; };
		718DFA5126089DA5007F7074 /* CoreVideo.framework */ = {isa = PBXFileReference; lastKnownFileType = wrapper.framework; name = CoreVideo.framework; path = System/Library/Frameworks/CoreVideo.framework; sourceTree = SDKROOT; };
		718DFA5526089DAD007F7074 /* AVFoundation.framework */ = {isa = PBXFileReference; lastKnownFileType = wrapper.framework; name = AVFoundation.framework; path = System/Library/Frameworks/AVFoundation.framework; sourceTree = SDKROOT; };
		718DFA5726089DBB007F7074 /* MediaPlayer.framework */ = {isa = PBXFileReference; lastKnownFileType = wrapper.framework; name = MediaPlayer.framework; path = System/Library/Frameworks/MediaPlayer.framework; sourceTree = SDKROOT; };
		718DFA5926089DC3007F7074 /* MobileCoreServices.framework */ = {isa = PBXFileReference; lastKnownFileType = wrapper.framework; name = MobileCoreServices.framework; path = System/Library/Frameworks/MobileCoreServices.framework; sourceTree = SDKROOT; };
		718DFA5B26089DCC007F7074 /* OpenGLES.framework */ = {isa = PBXFileReference; lastKnownFileType = wrapper.framework; name = OpenGLES.framework; path = System/Library/Frameworks/OpenGLES.framework; sourceTree = SDKROOT; };
		718DFA5D26089DD3007F7074 /* QuartzCore.framework */ = {isa = PBXFileReference; lastKnownFileType = wrapper.framework; name = QuartzCore.framework; path = System/Library/Frameworks/QuartzCore.framework; sourceTree = SDKROOT; };
		718DFA5F26089DDE007F7074 /* VideoToolbox.framework */ = {isa = PBXFileReference; lastKnownFileType = wrapper.framework; name = VideoToolbox.framework; path = System/Library/Frameworks/VideoToolbox.framework; sourceTree = SDKROOT; };
		718DFA6726089F81007F7074 /* ZFIJKPlayerManager.h */ = {isa = PBXFileReference; fileEncoding = 4; lastKnownFileType = sourcecode.c.h; path = ZFIJKPlayerManager.h; sourceTree = "<group>"; };
		718DFA6826089F81007F7074 /* ZFIJKPlayerManager.m */ = {isa = PBXFileReference; fileEncoding = 4; lastKnownFileType = sourcecode.c.objc; path = ZFIJKPlayerManager.m; sourceTree = "<group>"; };
/* End PBXFileReference section */

/* Begin PBXFrameworksBuildPhase section */
		718DF9732608975D007F7074 /* Frameworks */ = {
			isa = PBXFrameworksBuildPhase;
			buildActionMask = 2147483647;
			files = (
				718DFA702608A129007F7074 /* IJKMediaFramework.framework in Frameworks */,
				718DFA5626089DAD007F7074 /* AVFoundation.framework in Frameworks */,
				718DFA6026089DDE007F7074 /* VideoToolbox.framework in Frameworks */,
				718DFA5426089DA5007F7074 /* CoreVideo.framework in Frameworks */,
				718DFA5326089DA5007F7074 /* CoreMedia.framework in Frameworks */,
				718DFA5A26089DC3007F7074 /* MobileCoreServices.framework in Frameworks */,
				718DFA5C26089DCC007F7074 /* OpenGLES.framework in Frameworks */,
				718DFA4926089D7F007F7074 /* libbz2.tbd in Frameworks */,
				718DFA4426089D6B007F7074 /* libc++.tbd in Frameworks */,
				718DFA5E26089DD3007F7074 /* QuartzCore.framework in Frameworks */,
				718DFA5226089DA5007F7074 /* CoreGraphics.framework in Frameworks */,
				718DFA5826089DBB007F7074 /* MediaPlayer.framework in Frameworks */,
				718DFA4E26089D8B007F7074 /* AudioToolbox.framework in Frameworks */,
			);
			runOnlyForDeploymentPostprocessing = 0;
		};
		718DF9842608975E007F7074 /* Frameworks */ = {
			isa = PBXFrameworksBuildPhase;
			buildActionMask = 2147483647;
			files = (
			);
			runOnlyForDeploymentPostprocessing = 0;
		};
		718DF98F2608975E007F7074 /* Frameworks */ = {
			isa = PBXFrameworksBuildPhase;
			buildActionMask = 2147483647;
			files = (
			);
			runOnlyForDeploymentPostprocessing = 0;
		};
/* End PBXFrameworksBuildPhase section */

/* Begin PBXGroup section */
		718DF96D2608975D007F7074 = {
			isa = PBXGroup;
			children = (
				718DF9782608975D007F7074 /* ZFPlayerDemo-SwiftUI */,
				718DF98A2608975E007F7074 /* ZFPlayerDemo-SwiftUITests */,
				718DF9952608975E007F7074 /* ZFPlayerDemo-SwiftUIUITests */,
				718DF9772608975D007F7074 /* Products */,
				718DFA4226089D53007F7074 /* Frameworks */,
			);
			sourceTree = "<group>";
		};
		718DF9772608975D007F7074 /* Products */ = {
			isa = PBXGroup;
			children = (
				718DF9762608975D007F7074 /* ZFPlayerDemo-SwiftUI.app */,
				718DF9872608975E007F7074 /* ZFPlayerDemo-SwiftUITests.xctest */,
				718DF9922608975E007F7074 /* ZFPlayerDemo-SwiftUIUITests.xctest */,
			);
			name = Products;
			sourceTree = "<group>";
		};
		718DF9782608975D007F7074 /* ZFPlayerDemo-SwiftUI */ = {
			isa = PBXGroup;
			children = (
				718DF9AC26089780007F7074 /* Classes */,
				718DF9792608975D007F7074 /* ZFPlayerDemo_SwiftUIApp.swift */,
				718DF97B2608975D007F7074 /* ContentView.swift */,
				718DF97D2608975E007F7074 /* Assets.xcassets */,
				718DF9822608975E007F7074 /* Info.plist */,
				718DF97F2608975E007F7074 /* Preview Content */,
				718DFA2C260898D1007F7074 /* demo-header.h */,
			);
			path = "ZFPlayerDemo-SwiftUI";
			sourceTree = "<group>";
		};
		718DF97F2608975E007F7074 /* Preview Content */ = {
			isa = PBXGroup;
			children = (
				718DF9802608975E007F7074 /* Preview Assets.xcassets */,
			);
			path = "Preview Content";
			sourceTree = "<group>";
		};
		718DF98A2608975E007F7074 /* ZFPlayerDemo-SwiftUITests */ = {
			isa = PBXGroup;
			children = (
				718DF98B2608975E007F7074 /* ZFPlayerDemo_SwiftUITests.swift */,
				718DF98D2608975E007F7074 /* Info.plist */,
			);
			path = "ZFPlayerDemo-SwiftUITests";
			sourceTree = "<group>";
		};
		718DF9952608975E007F7074 /* ZFPlayerDemo-SwiftUIUITests */ = {
			isa = PBXGroup;
			children = (
				718DF9962608975E007F7074 /* ZFPlayerDemo_SwiftUIUITests.swift */,
				718DF9982608975E007F7074 /* Info.plist */,
			);
			path = "ZFPlayerDemo-SwiftUIUITests";
			sourceTree = "<group>";
		};
		718DF9AC26089780007F7074 /* Classes */ = {
			isa = PBXGroup;
			children = (
				718DF9F3260897C2007F7074 /* ControlView */,
				718DF9EC260897BD007F7074 /* ijkplayer */,
				718DF9E4260897B1007F7074 /* SwiftUI */,
				718DF9AD2608979F007F7074 /* Core */,
				718DF9A726089779007F7074 /* IJKMediaFramework.framework */,
			);
			path = Classes;
			sourceTree = "<group>";
		};
		718DF9AD2608979F007F7074 /* Core */ = {
			isa = PBXGroup;
			children = (
				718DF9AE2608979F007F7074 /* ZFPlayerNotification.h */,
				718DF9AF2608979F007F7074 /* ZFPlayerGestureControl.m */,
				718DF9B02608979F007F7074 /* ZFPlayerController.m */,
				718DF9B12608979F007F7074 /* ZFFloatView.h */,
				718DF9B22608979F007F7074 /* ZFPresentTransition.h */,
				718DF9B32608979F007F7074 /* ZFLandscapeWindow.m */,
				718DF9B42608979F007F7074 /* ZFKVOController.h */,
				718DF9B52608979F007F7074 /* ZFLandscapeViewController.h */,
				718DF9B62608979F007F7074 /* ZFOrientationObserver.m */,
				718DF9B72608979F007F7074 /* ZFPortraitViewController.h */,
				718DF9B82608979F007F7074 /* ZFPlayerView.h */,
				718DF9B92608979F007F7074 /* ZFPlayerLogManager.m */,
				718DF9BA2608979F007F7074 /* ZFPlayerMediaPlayback.h */,
				718DF9BB2608979F007F7074 /* ZFPersentInteractiveTransition.m */,
				718DF9BC2608979F007F7074 /* ZFReachabilityManager.h */,
				718DF9BD2608979F007F7074 /* UIScrollView+ZFPlayer.m */,
				718DF9BE2608979F007F7074 /* ZFPlayer.h */,
				718DF9BF2608979F007F7074 /* ZFPlayerGestureControl.h */,
				718DF9C02608979F007F7074 /* ZFPlayerNotification.m */,
				718DF9C12608979F007F7074 /* ZFPresentTransition.m */,
				718DF9C22608979F007F7074 /* ZFFloatView.m */,
				718DF9C32608979F007F7074 /* ZFPlayerMediaControl.h */,
				718DF9C42608979F007F7074 /* ZFPlayerController.h */,
				718DF9C52608979F007F7074 /* ZFPlayerView.m */,
				718DF9C62608979F007F7074 /* ZFPlayerLogManager.h */,
				718DF9C72608979F007F7074 /* ZFPortraitViewController.m */,
				718DF9C82608979F007F7074 /* ZFOrientationObserver.h */,
				718DF9C92608979F007F7074 /* ZFPlayerConst.h */,
				718DF9CA2608979F007F7074 /* ZFKVOController.m */,
				718DF9CB2608979F007F7074 /* ZFLandscapeViewController.m */,
				718DF9CC2608979F007F7074 /* ZFLandscapeWindow.h */,
				718DF9CD2608979F007F7074 /* UIScrollView+ZFPlayer.h */,
				718DF9CE2608979F007F7074 /* ZFReachabilityManager.m */,
				718DF9CF2608979F007F7074 /* ZFPersentInteractiveTransition.h */,
				718DF9D02608979F007F7074 /* UIViewController+ZFPlayerRotation.m */,
			);
			path = Core;
			sourceTree = "<group>";
		};
		718DF9E4260897B1007F7074 /* SwiftUI */ = {
			isa = PBXGroup;
			children = (
				718DF9E5260897B1007F7074 /* ZFIJKPlayer.swift */,
				718DF9E6260897B1007F7074 /* ZFIJKPlayerUIView.swift */,
			);
			path = SwiftUI;
			sourceTree = "<group>";
		};
		718DF9EC260897BD007F7074 /* ijkplayer */ = {
			isa = PBXGroup;
			children = (
				718DFA6726089F81007F7074 /* ZFIJKPlayerManager.h */,
				718DFA6826089F81007F7074 /* ZFIJKPlayerManager.m */,
			);
			path = ijkplayer;
			sourceTree = "<group>";
		};
		718DF9F3260897C2007F7074 /* ControlView */ = {
			isa = PBXGroup;
			children = (
				718DF9F4260897C2007F7074 /* ZFUtilities.m */,
				718DF9F5260897C2007F7074 /* UIView+ZFFrame.m */,
				718DF9F6260897C2007F7074 /* ZFSmallFloatControlView.h */,
				718DF9F7260897C2007F7074 /* ZFPlayerControlView.h */,
				718DF9F8260897C2007F7074 /* ZFSliderView.h */,
				718DF9F9260897C2007F7074 /* ZFVolumeBrightnessView.m */,
				718DF9FA260897C2007F7074 /* ZFSpeedLoadingView.h */,
				718DF9FB260897C3007F7074 /* ZFLoadingView.h */,
				718DF9FC260897C3007F7074 /* ZFLandScapeControlView.m */,
				718DF9FD260897C3007F7074 /* ZFNetworkSpeedMonitor.m */,
				718DF9FE260897C3007F7074 /* UIImageView+ZFCache.h */,
				718DF9FF260897C3007F7074 /* ZFPortraitControlView.h */,
				718DFA00260897C3007F7074 /* ZFPlayer.bundle */,
				718DFA01260897C3007F7074 /* UIView+ZFFrame.h */,
				718DFA02260897C3007F7074 /* ZFUtilities.h */,
				718DFA03260897C3007F7074 /* ZFSliderView.m */,
				718DFA04260897C3007F7074 /* ZFPlayerControlView.m */,
				718DFA05260897C3007F7074 /* ZFSmallFloatControlView.m */,
				718DFA06260897C3007F7074 /* ZFLoadingView.m */,
				718DFA07260897C3007F7074 /* ZFSpeedLoadingView.m */,
				718DFA08260897C3007F7074 /* ZFVolumeBrightnessView.h */,
				718DFA09260897C3007F7074 /* ZFPortraitControlView.m */,
				718DFA0A260897C3007F7074 /* UIImageView+ZFCache.m */,
				718DFA0B260897C3007F7074 /* ZFNetworkSpeedMonitor.h */,
				718DFA0C260897C3007F7074 /* ZFLandScapeControlView.h */,
			);
			path = ControlView;
			sourceTree = "<group>";
		};
		718DFA4226089D53007F7074 /* Frameworks */ = {
			isa = PBXGroup;
			children = (
				718DFA5F26089DDE007F7074 /* VideoToolbox.framework */,
				718DFA5D26089DD3007F7074 /* QuartzCore.framework */,
				718DFA5B26089DCC007F7074 /* OpenGLES.framework */,
				718DFA5926089DC3007F7074 /* MobileCoreServices.framework */,
				718DFA5726089DBB007F7074 /* MediaPlayer.framework */,
				718DFA5526089DAD007F7074 /* AVFoundation.framework */,
				718DFA4F26089DA5007F7074 /* CoreGraphics.framework */,
				718DFA5026089DA5007F7074 /* CoreMedia.framework */,
				718DFA5126089DA5007F7074 /* CoreVideo.framework */,
				718DFA4D26089D8B007F7074 /* AudioToolbox.framework */,
				718DFA4826089D76007F7074 /* libbz2.tbd */,
				718DFA4326089D54007F7074 /* libc++.tbd */,
			);
			name = Frameworks;
			sourceTree = "<group>";
		};
/* End PBXGroup section */

/* Begin PBXNativeTarget section */
		718DF9752608975D007F7074 /* ZFPlayerDemo-SwiftUI */ = {
			isa = PBXNativeTarget;
			buildConfigurationList = 718DF99B2608975E007F7074 /* Build configuration list for PBXNativeTarget "ZFPlayerDemo-SwiftUI" */;
			buildPhases = (
				718DF9722608975D007F7074 /* Sources */,
				718DF9732608975D007F7074 /* Frameworks */,
				718DF9742608975D007F7074 /* Resources */,
				718DFA722608A129007F7074 /* Embed Frameworks */,
			);
			buildRules = (
			);
			dependencies = (
			);
			name = "ZFPlayerDemo-SwiftUI";
			productName = "ZFPlayerDemo-SwiftUI";
			productReference = 718DF9762608975D007F7074 /* ZFPlayerDemo-SwiftUI.app */;
			productType = "com.apple.product-type.application";
		};
		718DF9862608975E007F7074 /* ZFPlayerDemo-SwiftUITests */ = {
			isa = PBXNativeTarget;
			buildConfigurationList = 718DF99E2608975E007F7074 /* Build configuration list for PBXNativeTarget "ZFPlayerDemo-SwiftUITests" */;
			buildPhases = (
				718DF9832608975E007F7074 /* Sources */,
				718DF9842608975E007F7074 /* Frameworks */,
				718DF9852608975E007F7074 /* Resources */,
			);
			buildRules = (
			);
			dependencies = (
				718DF9892608975E007F7074 /* PBXTargetDependency */,
			);
			name = "ZFPlayerDemo-SwiftUITests";
			productName = "ZFPlayerDemo-SwiftUITests";
			productReference = 718DF9872608975E007F7074 /* ZFPlayerDemo-SwiftUITests.xctest */;
			productType = "com.apple.product-type.bundle.unit-test";
		};
		718DF9912608975E007F7074 /* ZFPlayerDemo-SwiftUIUITests */ = {
			isa = PBXNativeTarget;
			buildConfigurationList = 718DF9A12608975E007F7074 /* Build configuration list for PBXNativeTarget "ZFPlayerDemo-SwiftUIUITests" */;
			buildPhases = (
				718DF98E2608975E007F7074 /* Sources */,
				718DF98F2608975E007F7074 /* Frameworks */,
				718DF9902608975E007F7074 /* Resources */,
			);
			buildRules = (
			);
			dependencies = (
				718DF9942608975E007F7074 /* PBXTargetDependency */,
			);
			name = "ZFPlayerDemo-SwiftUIUITests";
			productName = "ZFPlayerDemo-SwiftUIUITests";
			productReference = 718DF9922608975E007F7074 /* ZFPlayerDemo-SwiftUIUITests.xctest */;
			productType = "com.apple.product-type.bundle.ui-testing";
		};
/* End PBXNativeTarget section */

/* Begin PBXProject section */
		718DF96E2608975D007F7074 /* Project object */ = {
			isa = PBXProject;
			attributes = {
				LastSwiftUpdateCheck = 1240;
				LastUpgradeCheck = 1240;
				TargetAttributes = {
					718DF9752608975D007F7074 = {
						CreatedOnToolsVersion = 12.4;
					};
					718DF9862608975E007F7074 = {
						CreatedOnToolsVersion = 12.4;
						TestTargetID = 718DF9752608975D007F7074;
					};
					718DF9912608975E007F7074 = {
						CreatedOnToolsVersion = 12.4;
						TestTargetID = 718DF9752608975D007F7074;
					};
				};
			};
			buildConfigurationList = 718DF9712608975D007F7074 /* Build configuration list for PBXProject "ZFPlayerDemo-SwiftUI" */;
			compatibilityVersion = "Xcode 9.3";
			developmentRegion = en;
			hasScannedForEncodings = 0;
			knownRegions = (
				en,
				Base,
			);
			mainGroup = 718DF96D2608975D007F7074;
			productRefGroup = 718DF9772608975D007F7074 /* Products */;
			projectDirPath = "";
			projectRoot = "";
			targets = (
				718DF9752608975D007F7074 /* ZFPlayerDemo-SwiftUI */,
				718DF9862608975E007F7074 /* ZFPlayerDemo-SwiftUITests */,
				718DF9912608975E007F7074 /* ZFPlayerDemo-SwiftUIUITests */,
			);
		};
/* End PBXProject section */

/* Begin PBXResourcesBuildPhase section */
		718DF9742608975D007F7074 /* Resources */ = {
			isa = PBXResourcesBuildPhase;
			buildActionMask = 2147483647;
			files = (
				718DF9812608975E007F7074 /* Preview Assets.xcassets in Resources */,
				718DFA12260897C3007F7074 /* ZFPlayer.bundle in Resources */,
				718DF97E2608975E007F7074 /* Assets.xcassets in Resources */,
			);
			runOnlyForDeploymentPostprocessing = 0;
		};
		718DF9852608975E007F7074 /* Resources */ = {
			isa = PBXResourcesBuildPhase;
			buildActionMask = 2147483647;
			files = (
			);
			runOnlyForDeploymentPostprocessing = 0;
		};
		718DF9902608975E007F7074 /* Resources */ = {
			isa = PBXResourcesBuildPhase;
			buildActionMask = 2147483647;
			files = (
			);
			runOnlyForDeploymentPostprocessing = 0;
		};
/* End PBXResourcesBuildPhase section */

/* Begin PBXSourcesBuildPhase section */
		718DF9722608975D007F7074 /* Sources */ = {
			isa = PBXSourcesBuildPhase;
			buildActionMask = 2147483647;
			files = (
				718DF9DE2608979F007F7074 /* ZFLandscapeViewController.m in Sources */,
				718DF9E02608979F007F7074 /* UIViewController+ZFPlayerRotation.m in Sources */,
				718DF9D52608979F007F7074 /* ZFPlayerLogManager.m in Sources */,
				718DFA18260897C3007F7074 /* ZFPortraitControlView.m in Sources */,
				718DFA10260897C3007F7074 /* ZFLandScapeControlView.m in Sources */,
				718DFA19260897C3007F7074 /* UIImageView+ZFCache.m in Sources */,
				718DF9DA2608979F007F7074 /* ZFFloatView.m in Sources */,
				718DFA13260897C3007F7074 /* ZFSliderView.m in Sources */,
				718DFA0E260897C3007F7074 /* UIView+ZFFrame.m in Sources */,
				718DF9DD2608979F007F7074 /* ZFKVOController.m in Sources */,
				718DF9D22608979F007F7074 /* ZFPlayerController.m in Sources */,
				718DF9DC2608979F007F7074 /* ZFPortraitViewController.m in Sources */,
				718DF9D62608979F007F7074 /* ZFPersentInteractiveTransition.m in Sources */,
				718DFA11260897C3007F7074 /* ZFNetworkSpeedMonitor.m in Sources */,
				718DF9DB2608979F007F7074 /* ZFPlayerView.m in Sources */,
				718DF9D82608979F007F7074 /* ZFPlayerNotification.m in Sources */,
				718DF9D72608979F007F7074 /* UIScrollView+ZFPlayer.m in Sources */,
				718DF97C2608975D007F7074 /* ContentView.swift in Sources */,
				718DF9E7260897B1007F7074 /* ZFIJKPlayer.swift in Sources */,
				718DF9DF2608979F007F7074 /* ZFReachabilityManager.m in Sources */,
				718DF9D12608979F007F7074 /* ZFPlayerGestureControl.m in Sources */,
				718DFA0D260897C3007F7074 /* ZFUtilities.m in Sources */,
				718DFA16260897C3007F7074 /* ZFLoadingView.m in Sources */,
				718DFA14260897C3007F7074 /* ZFPlayerControlView.m in Sources */,
				718DFA17260897C3007F7074 /* ZFSpeedLoadingView.m in Sources */,
				718DFA15260897C3007F7074 /* ZFSmallFloatControlView.m in Sources */,
				718DF9D32608979F007F7074 /* ZFLandscapeWindow.m in Sources */,
				718DF9D92608979F007F7074 /* ZFPresentTransition.m in Sources */,
				718DFA6926089F81007F7074 /* ZFIJKPlayerManager.m in Sources */,
				718DF9D42608979F007F7074 /* ZFOrientationObserver.m in Sources */,
				718DF9E8260897B1007F7074 /* ZFIJKPlayerUIView.swift in Sources */,
				718DF97A2608975D007F7074 /* ZFPlayerDemo_SwiftUIApp.swift in Sources */,
				718DFA0F260897C3007F7074 /* ZFVolumeBrightnessView.m in Sources */,
			);
			runOnlyForDeploymentPostprocessing = 0;
		};
		718DF9832608975E007F7074 /* Sources */ = {
			isa = PBXSourcesBuildPhase;
			buildActionMask = 2147483647;
			files = (
				718DF98C2608975E007F7074 /* ZFPlayerDemo_SwiftUITests.swift in Sources */,
			);
			runOnlyForDeploymentPostprocessing = 0;
		};
		718DF98E2608975E007F7074 /* Sources */ = {
			isa = PBXSourcesBuildPhase;
			buildActionMask = 2147483647;
			files = (
				718DF9972608975E007F7074 /* ZFPlayerDemo_SwiftUIUITests.swift in Sources */,
			);
			runOnlyForDeploymentPostprocessing = 0;
		};
/* End PBXSourcesBuildPhase section */

/* Begin PBXTargetDependency section */
		718DF9892608975E007F7074 /* PBXTargetDependency */ = {
			isa = PBXTargetDependency;
			target = 718DF9752608975D007F7074 /* ZFPlayerDemo-SwiftUI */;
			targetProxy = 718DF9882608975E007F7074 /* PBXContainerItemProxy */;
		};
		718DF9942608975E007F7074 /* PBXTargetDependency */ = {
			isa = PBXTargetDependency;
			target = 718DF9752608975D007F7074 /* ZFPlayerDemo-SwiftUI */;
			targetProxy = 718DF9932608975E007F7074 /* PBXContainerItemProxy */;
		};
/* End PBXTargetDependency section */

/* Begin XCBuildConfiguration section */
		718DF9992608975E007F7074 /* Debug */ = {
			isa = XCBuildConfiguration;
			buildSettings = {
				ALWAYS_SEARCH_USER_PATHS = NO;
				CLANG_ANALYZER_NONNULL = YES;
				CLANG_ANALYZER_NUMBER_OBJECT_CONVERSION = YES_AGGRESSIVE;
				CLANG_CXX_LANGUAGE_STANDARD = "gnu++14";
				CLANG_CXX_LIBRARY = "libc++";
				CLANG_ENABLE_MODULES = YES;
				CLANG_ENABLE_OBJC_ARC = YES;
				CLANG_ENABLE_OBJC_WEAK = YES;
				CLANG_WARN_BLOCK_CAPTURE_AUTORELEASING = YES;
				CLANG_WARN_BOOL_CONVERSION = YES;
				CLANG_WARN_COMMA = YES;
				CLANG_WARN_CONSTANT_CONVERSION = YES;
				CLANG_WARN_DEPRECATED_OBJC_IMPLEMENTATIONS = YES;
				CLANG_WARN_DIRECT_OBJC_ISA_USAGE = YES_ERROR;
				CLANG_WARN_DOCUMENTATION_COMMENTS = YES;
				CLANG_WARN_EMPTY_BODY = YES;
				CLANG_WARN_ENUM_CONVERSION = YES;
				CLANG_WARN_INFINITE_RECURSION = YES;
				CLANG_WARN_INT_CONVERSION = YES;
				CLANG_WARN_NON_LITERAL_NULL_CONVERSION = YES;
				CLANG_WARN_OBJC_IMPLICIT_RETAIN_SELF = YES;
				CLANG_WARN_OBJC_LITERAL_CONVERSION = YES;
				CLANG_WARN_OBJC_ROOT_CLASS = YES_ERROR;
				CLANG_WARN_QUOTED_INCLUDE_IN_FRAMEWORK_HEADER = YES;
				CLANG_WARN_RANGE_LOOP_ANALYSIS = YES;
				CLANG_WARN_STRICT_PROTOTYPES = YES;
				CLANG_WARN_SUSPICIOUS_MOVE = YES;
				CLANG_WARN_UNGUARDED_AVAILABILITY = YES_AGGRESSIVE;
				CLANG_WARN_UNREACHABLE_CODE = YES;
				CLANG_WARN__DUPLICATE_METHOD_MATCH = YES;
				COPY_PHASE_STRIP = NO;
				DEBUG_INFORMATION_FORMAT = dwarf;
				ENABLE_STRICT_OBJC_MSGSEND = YES;
				ENABLE_TESTABILITY = YES;
				GCC_C_LANGUAGE_STANDARD = gnu11;
				GCC_DYNAMIC_NO_PIC = NO;
				GCC_NO_COMMON_BLOCKS = YES;
				GCC_OPTIMIZATION_LEVEL = 0;
				GCC_PREPROCESSOR_DEFINITIONS = (
					"DEBUG=1",
					"$(inherited)",
				);
				GCC_WARN_64_TO_32_BIT_CONVERSION = YES;
				GCC_WARN_ABOUT_RETURN_TYPE = YES_ERROR;
				GCC_WARN_UNDECLARED_SELECTOR = YES;
				GCC_WARN_UNINITIALIZED_AUTOS = YES_AGGRESSIVE;
				GCC_WARN_UNUSED_FUNCTION = YES;
				GCC_WARN_UNUSED_VARIABLE = YES;
				IPHONEOS_DEPLOYMENT_TARGET = 14.4;
				MTL_ENABLE_DEBUG_INFO = INCLUDE_SOURCE;
				MTL_FAST_MATH = YES;
				ONLY_ACTIVE_ARCH = YES;
				SDKROOT = iphoneos;
				SWIFT_ACTIVE_COMPILATION_CONDITIONS = DEBUG;
				SWIFT_OPTIMIZATION_LEVEL = "-Onone";
			};
			name = Debug;
		};
		718DF99A2608975E007F7074 /* Release */ = {
			isa = XCBuildConfiguration;
			buildSettings = {
				ALWAYS_SEARCH_USER_PATHS = NO;
				CLANG_ANALYZER_NONNULL = YES;
				CLANG_ANALYZER_NUMBER_OBJECT_CONVERSION = YES_AGGRESSIVE;
				CLANG_CXX_LANGUAGE_STANDARD = "gnu++14";
				CLANG_CXX_LIBRARY = "libc++";
				CLANG_ENABLE_MODULES = YES;
				CLANG_ENABLE_OBJC_ARC = YES;
				CLANG_ENABLE_OBJC_WEAK = YES;
				CLANG_WARN_BLOCK_CAPTURE_AUTORELEASING = YES;
				CLANG_WARN_BOOL_CONVERSION = YES;
				CLANG_WARN_COMMA = YES;
				CLANG_WARN_CONSTANT_CONVERSION = YES;
				CLANG_WARN_DEPRECATED_OBJC_IMPLEMENTATIONS = YES;
				CLANG_WARN_DIRECT_OBJC_ISA_USAGE = YES_ERROR;
				CLANG_WARN_DOCUMENTATION_COMMENTS = YES;
				CLANG_WARN_EMPTY_BODY = YES;
				CLANG_WARN_ENUM_CONVERSION = YES;
				CLANG_WARN_INFINITE_RECURSION = YES;
				CLANG_WARN_INT_CONVERSION = YES;
				CLANG_WARN_NON_LITERAL_NULL_CONVERSION = YES;
				CLANG_WARN_OBJC_IMPLICIT_RETAIN_SELF = YES;
				CLANG_WARN_OBJC_LITERAL_CONVERSION = YES;
				CLANG_WARN_OBJC_ROOT_CLASS = YES_ERROR;
				CLANG_WARN_QUOTED_INCLUDE_IN_FRAMEWORK_HEADER = YES;
				CLANG_WARN_RANGE_LOOP_ANALYSIS = YES;
				CLANG_WARN_STRICT_PROTOTYPES = YES;
				CLANG_WARN_SUSPICIOUS_MOVE = YES;
				CLANG_WARN_UNGUARDED_AVAILABILITY = YES_AGGRESSIVE;
				CLANG_WARN_UNREACHABLE_CODE = YES;
				CLANG_WARN__DUPLICATE_METHOD_MATCH = YES;
				COPY_PHASE_STRIP = NO;
				DEBUG_INFORMATION_FORMAT = "dwarf-with-dsym";
				ENABLE_NS_ASSERTIONS = NO;
				ENABLE_STRICT_OBJC_MSGSEND = YES;
				GCC_C_LANGUAGE_STANDARD = gnu11;
				GCC_NO_COMMON_BLOCKS = YES;
				GCC_WARN_64_TO_32_BIT_CONVERSION = YES;
				GCC_WARN_ABOUT_RETURN_TYPE = YES_ERROR;
				GCC_WARN_UNDECLARED_SELECTOR = YES;
				GCC_WARN_UNINITIALIZED_AUTOS = YES_AGGRESSIVE;
				GCC_WARN_UNUSED_FUNCTION = YES;
				GCC_WARN_UNUSED_VARIABLE = YES;
				IPHONEOS_DEPLOYMENT_TARGET = 14.4;
				MTL_ENABLE_DEBUG_INFO = NO;
				MTL_FAST_MATH = YES;
				SDKROOT = iphoneos;
				SWIFT_COMPILATION_MODE = wholemodule;
				SWIFT_OPTIMIZATION_LEVEL = "-O";
				VALIDATE_PRODUCT = YES;
			};
			name = Release;
		};
		718DF99C2608975E007F7074 /* Debug */ = {
			isa = XCBuildConfiguration;
			buildSettings = {
				ASSETCATALOG_COMPILER_APPICON_NAME = AppIcon;
				ASSETCATALOG_COMPILER_GLOBAL_ACCENT_COLOR_NAME = AccentColor;
				CODE_SIGN_STYLE = Automatic;
				DEVELOPMENT_ASSET_PATHS = "\"ZFPlayerDemo-SwiftUI/Preview Content\"";
				DEVELOPMENT_TEAM = Z6244MYNR6;
				ENABLE_PREVIEWS = YES;
				FRAMEWORK_SEARCH_PATHS = (
					"$(inherited)",
					"$(PROJECT_DIR)/ZFPlayerDemo-SwiftUI",
					"$(PROJECT_DIR)/ZFPlayerDemo-SwiftUI/Classes",
				);
				INFOPLIST_FILE = "ZFPlayerDemo-SwiftUI/Info.plist";
				IPHONEOS_DEPLOYMENT_TARGET = 14.0;
				LD_RUNPATH_SEARCH_PATHS = (
					"$(inherited)",
					"@executable_path/Frameworks",
				);
				PRODUCT_BUNDLE_IDENTIFIER = "com.spectatornan.zfplayerdemo.ZFPlayerDemo-SwiftUI";
				PRODUCT_NAME = "$(TARGET_NAME)";
				SWIFT_OBJC_BRIDGING_HEADER = "$(PROJECT_DIR)/ZFPlayerDemo-SwiftUI/demo-header.h";
				SWIFT_VERSION = 5.0;
				TARGETED_DEVICE_FAMILY = "1,2";
			};
			name = Debug;
		};
		718DF99D2608975E007F7074 /* Release */ = {
			isa = XCBuildConfiguration;
			buildSettings = {
				ASSETCATALOG_COMPILER_APPICON_NAME = AppIcon;
				ASSETCATALOG_COMPILER_GLOBAL_ACCENT_COLOR_NAME = AccentColor;
				CODE_SIGN_STYLE = Automatic;
				DEVELOPMENT_ASSET_PATHS = "\"ZFPlayerDemo-SwiftUI/Preview Content\"";
				DEVELOPMENT_TEAM = Z6244MYNR6;
				ENABLE_PREVIEWS = YES;
				FRAMEWORK_SEARCH_PATHS = (
					"$(inherited)",
					"$(PROJECT_DIR)/ZFPlayerDemo-SwiftUI",
					"$(PROJECT_DIR)/ZFPlayerDemo-SwiftUI/Classes",
				);
				INFOPLIST_FILE = "ZFPlayerDemo-SwiftUI/Info.plist";
				IPHONEOS_DEPLOYMENT_TARGET = 14.0;
				LD_RUNPATH_SEARCH_PATHS = (
					"$(inherited)",
					"@executable_path/Frameworks",
				);
				PRODUCT_BUNDLE_IDENTIFIER = "com.spectatornan.zfplayerdemo.ZFPlayerDemo-SwiftUI";
				PRODUCT_NAME = "$(TARGET_NAME)";
				SWIFT_OBJC_BRIDGING_HEADER = "$(PROJECT_DIR)/ZFPlayerDemo-SwiftUI/demo-header.h";
				SWIFT_VERSION = 5.0;
				TARGETED_DEVICE_FAMILY = "1,2";
			};
			name = Release;
		};
		718DF99F2608975E007F7074 /* Debug */ = {
			isa = XCBuildConfiguration;
			buildSettings = {
				ALWAYS_EMBED_SWIFT_STANDARD_LIBRARIES = YES;
				BUNDLE_LOADER = "$(TEST_HOST)";
				CODE_SIGN_STYLE = Automatic;
				INFOPLIST_FILE = "ZFPlayerDemo-SwiftUITests/Info.plist";
				IPHONEOS_DEPLOYMENT_TARGET = 14.0;
				LD_RUNPATH_SEARCH_PATHS = (
					"$(inherited)",
					"@executable_path/Frameworks",
					"@loader_path/Frameworks",
				);
				PRODUCT_BUNDLE_IDENTIFIER = "com.spectatornan.zfplayerdemo.ZFPlayerDemo-SwiftUITests";
				PRODUCT_NAME = "$(TARGET_NAME)";
				SWIFT_VERSION = 5.0;
				TARGETED_DEVICE_FAMILY = "1,2";
				TEST_HOST = "$(BUILT_PRODUCTS_DIR)/ZFPlayerDemo-SwiftUI.app/ZFPlayerDemo-SwiftUI";
			};
			name = Debug;
		};
		718DF9A02608975E007F7074 /* Release */ = {
			isa = XCBuildConfiguration;
			buildSettings = {
				ALWAYS_EMBED_SWIFT_STANDARD_LIBRARIES = YES;
				BUNDLE_LOADER = "$(TEST_HOST)";
				CODE_SIGN_STYLE = Automatic;
				INFOPLIST_FILE = "ZFPlayerDemo-SwiftUITests/Info.plist";
				IPHONEOS_DEPLOYMENT_TARGET = 14.0;
				LD_RUNPATH_SEARCH_PATHS = (
					"$(inherited)",
					"@executable_path/Frameworks",
					"@loader_path/Frameworks",
				);
				PRODUCT_BUNDLE_IDENTIFIER = "com.spectatornan.zfplayerdemo.ZFPlayerDemo-SwiftUITests";
				PRODUCT_NAME = "$(TARGET_NAME)";
				SWIFT_VERSION = 5.0;
				TARGETED_DEVICE_FAMILY = "1,2";
				TEST_HOST = "$(BUILT_PRODUCTS_DIR)/ZFPlayerDemo-SwiftUI.app/ZFPlayerDemo-SwiftUI";
			};
			name = Release;
		};
		718DF9A22608975E007F7074 /* Debug */ = {
			isa = XCBuildConfiguration;
			buildSettings = {
				ALWAYS_EMBED_SWIFT_STANDARD_LIBRARIES = YES;
				CODE_SIGN_STYLE = Automatic;
				INFOPLIST_FILE = "ZFPlayerDemo-SwiftUIUITests/Info.plist";
				LD_RUNPATH_SEARCH_PATHS = (
					"$(inherited)",
					"@executable_path/Frameworks",
					"@loader_path/Frameworks",
				);
				PRODUCT_BUNDLE_IDENTIFIER = "com.spectatornan.zfplayerdemo.ZFPlayerDemo-SwiftUIUITests";
				PRODUCT_NAME = "$(TARGET_NAME)";
				SWIFT_VERSION = 5.0;
				TARGETED_DEVICE_FAMILY = "1,2";
				TEST_TARGET_NAME = "ZFPlayerDemo-SwiftUI";
			};
			name = Debug;
		};
		718DF9A32608975E007F7074 /* Release */ = {
			isa = XCBuildConfiguration;
			buildSettings = {
				ALWAYS_EMBED_SWIFT_STANDARD_LIBRARIES = YES;
				CODE_SIGN_STYLE = Automatic;
				INFOPLIST_FILE = "ZFPlayerDemo-SwiftUIUITests/Info.plist";
				LD_RUNPATH_SEARCH_PATHS = (
					"$(inherited)",
					"@executable_path/Frameworks",
					"@loader_path/Frameworks",
				);
				PRODUCT_BUNDLE_IDENTIFIER = "com.spectatornan.zfplayerdemo.ZFPlayerDemo-SwiftUIUITests";
				PRODUCT_NAME = "$(TARGET_NAME)";
				SWIFT_VERSION = 5.0;
				TARGETED_DEVICE_FAMILY = "1,2";
				TEST_TARGET_NAME = "ZFPlayerDemo-SwiftUI";
			};
			name = Release;
		};
/* End XCBuildConfiguration section */

/* Begin XCConfigurationList section */
		718DF9712608975D007F7074 /* Build configuration list for PBXProject "ZFPlayerDemo-SwiftUI" */ = {
			isa = XCConfigurationList;
			buildConfigurations = (
				718DF9992608975E007F7074 /* Debug */,
				718DF99A2608975E007F7074 /* Release */,
			);
			defaultConfigurationIsVisible = 0;
			defaultConfigurationName = Release;
		};
		718DF99B2608975E007F7074 /* Build configuration list for PBXNativeTarget "ZFPlayerDemo-SwiftUI" */ = {
			isa = XCConfigurationList;
			buildConfigurations = (
				718DF99C2608975E007F7074 /* Debug */,
				718DF99D2608975E007F7074 /* Release */,
			);
			defaultConfigurationIsVisible = 0;
			defaultConfigurationName = Release;
		};
		718DF99E2608975E007F7074 /* Build configuration list for PBXNativeTarget "ZFPlayerDemo-SwiftUITests" */ = {
			isa = XCConfigurationList;
			buildConfigurations = (
				718DF99F2608975E007F7074 /* Debug */,
				718DF9A02608975E007F7074 /* Release */,
			);
			defaultConfigurationIsVisible = 0;
			defaultConfigurationName = Release;
		};
		718DF9A12608975E007F7074 /* Build configuration list for PBXNativeTarget "ZFPlayerDemo-SwiftUIUITests" */ = {
			isa = XCConfigurationList;
			buildConfigurations = (
				718DF9A22608975E007F7074 /* Debug */,
				718DF9A32608975E007F7074 /* Release */,
			);
			defaultConfigurationIsVisible = 0;
			defaultConfigurationName = Release;
		};
/* End XCConfigurationList section */
	};
	rootObject = 718DF96E2608975D007F7074 /* Project object */;
}
